
Microsoft Visual Studio Solution File, Format Version 12.00
# Visual Studio 15
Project("{FAE04EC0-301F-11D3-BF4B-00C04F79EFBC}") = "Assembly-CSharp", "Assembly-CSharp.csproj", "{FF69C81C-2DBE-4A67-4346-3A983A6FFAC3}"
EndProject
Project("{FAE04EC0-301F-11D3-BF4B-00C04F79EFBC}") = "Assembly-CSharp-Editor-firstpass", "Assembly-CSharp-Editor-firstpass.csproj", "{1FF1150B-879B-F2ED-79DE-1BF534BAE8E9}"
EndProject
Global
	GlobalSection(SolutionConfigurationPlatforms) = preSolution
		Debug|Any CPU = Debug|Any CPU
		Release|Any CPU = Release|Any CPU
	EndGlobalSection
	GlobalSection(ProjectConfigurationPlatforms) = postSolution
		{FF69C81C-2DBE-4A67-4346-3A983A6FFAC3}.Debug|Any CPU.ActiveCfg = Debug|Any CPU
		{FF69C81C-2DBE-4A67-4346-3A983A6FFAC3}.Debug|Any CPU.Build.0 = Debug|Any CPU
		{FF69C81C-2DBE-4A67-4346-3A983A6FFAC3}.Release|Any CPU.ActiveCfg = Release|Any CPU
		{FF69C81C-2DBE-4A67-4346-3A983A6FFAC3}.Release|Any CPU.Build.0 = Release|Any CPU
		{1FF1150B-879B-F2ED-79DE-1BF534BAE8E9}.Debug|Any CPU.ActiveCfg = Debug|Any CPU
		{1FF1150B-879B-F2ED-79DE-1BF534BAE8E9}.Debug|Any CPU.Build.0 = Debug|Any CPU
		{1FF1150B-879B-F2ED-79DE-1BF534BAE8E9}.Release|Any CPU.ActiveCfg = Release|Any CPU
		{1FF1150B-879B-F2ED-79DE-1BF534BAE8E9}.Release|Any CPU.Build.0 = Release|Any CPU
	EndGlobalSection
	GlobalSection(SolutionProperties) = preSolution
		HideSolutionNode = FALSE
	EndGlobalSection
	GlobalSection(MonoDevelopProperties) = preSolution
		StartupItem = Assembly-CSharp.csproj
	EndGlobalSection
EndGlobal
